
Microsoft Visual Studio Solution File, Format Version 12.00
# Visual Studio Version 16
VisualStudioVersion = 16.0.32126.315
MinimumVisualStudioVersion = 10.0.40219.1
Project("{9A19103F-16F7-4668-BE54-9A1E7A4F7556}") = "Pizza_Shop.Server", "Pizza_Shop\Server\Pizza_Shop.Server.csproj", "{E3095009-3C3D-4D79-95A4-2E33F65A7852}"
EndProject
Project("{9A19103F-16F7-4668-BE54-9A1E7A4F7556}") = "Pizza_Shop.Client", "Pizza_Shop\Client\Pizza_Shop.Client.csproj", "{64B0BD54-E3F2-405B-89E4-C534DCA1D9BA}"
EndProject
Project("{9A19103F-16F7-4668-BE54-9A1E7A4F7556}") = "Pizza_Shop.Shared", "Pizza_Shop\Shared\Pizza_Shop.Shared.csproj", "{6E46CFA2-3A15-47E6-BBC2-5CC86FC20E80}"
EndProject
Global
	GlobalSection(SolutionConfigurationPlatforms) = preSolution
		Debug|Any CPU = Debug|Any CPU
		Release|Any CPU = Release|Any CPU
	EndGlobalSection
	GlobalSection(ProjectConfigurationPlatforms) = postSolution
		{E3095009-3C3D-4D79-95A4-2E33F65A7852}.Debug|Any CPU.ActiveCfg = Debug|Any CPU
		{E3095009-3C3D-4D79-95A4-2E33F65A7852}.Debug|Any CPU.Build.0 = Debug|Any CPU
		{E3095009-3C3D-4D79-95A4-2E33F65A7852}.Release|Any CPU.ActiveCfg = Release|Any CPU
		{E3095009-3C3D-4D79-95A4-2E33F65A7852}.Release|Any CPU.Build.0 = Release|Any CPU
		{64B0BD54-E3F2-405B-89E4-C534DCA1D9BA}.Debug|Any CPU.ActiveCfg = Debug|Any CPU
		{64B0BD54-E3F2-405B-89E4-C534DCA1D9BA}.Debug|Any CPU.Build.0 = Debug|Any CPU
		{64B0BD54-E3F2-405B-89E4-C534DCA1D9BA}.Release|Any CPU.ActiveCfg = Release|Any CPU
		{64B0BD54-E3F2-405B-89E4-C534DCA1D9BA}.Release|Any CPU.Build.0 = Release|Any CPU
		{6E46CFA2-3A15-47E6-BBC2-5CC86FC20E80}.Debug|Any CPU.ActiveCfg = Debug|Any CPU
		{6E46CFA2-3A15-47E6-BBC2-5CC86FC20E80}.Debug|Any CPU.Build.0 = Debug|Any CPU
		{6E46CFA2-3A15-47E6-BBC2-5CC86FC20E80}.Release|Any CPU.ActiveCfg = Release|Any CPU
		{6E46CFA2-3A15-47E6-BBC2-5CC86FC20E80}.Release|Any CPU.Build.0 = Release|Any CPU
	EndGlobalSection
	GlobalSection(SolutionProperties) = preSolution
		HideSolutionNode = FALSE
	EndGlobalSection
	GlobalSection(ExtensibilityGlobals) = postSolution
		SolutionGuid = {AA631508-D853-41E4-A196-15098E44AA26}
	EndGlobalSection
EndGlobal
